
Microsoft Visual Studio Solution File, Format Version 12.00
# Visual Studio Version 16
VisualStudioVersion = 16.0.29509.3
MinimumVisualStudioVersion = 10.0.40219.1
Project("{FAE04EC0-301F-11D3-BF4B-00C04F79EFBC}") = "OpenEugeneWeb", "OpenEugeneWeb.csproj", "{BF707257-AEB5-4CED-917A-52D69E2600B4}"
EndProject
Global
	GlobalSection(SolutionConfigurationPlatforms) = preSolution
		Debug|Any CPU = Debug|Any CPU
		Release|Any CPU = Release|Any CPU
	EndGlobalSection
	GlobalSection(ProjectConfigurationPlatforms) = postSolution
		{BF707257-AEB5-4CED-917A-52D69E2600B4}.Debug|Any CPU.ActiveCfg = Debug|Any CPU
		{BF707257-AEB5-4CED-917A-52D69E2600B4}.Debug|Any CPU.Build.0 = Debug|Any CPU
		{BF707257-AEB5-4CED-917A-52D69E2600B4}.Release|Any CPU.ActiveCfg = Release|Any CPU
		{BF707257-AEB5-4CED-917A-52D69E2600B4}.Release|Any CPU.Build.0 = Release|Any CPU
	EndGlobalSection
	GlobalSection(SolutionProperties) = preSolution
		HideSolutionNode = FALSE
	EndGlobalSection
	GlobalSection(ExtensibilityGlobals) = postSolution
		SolutionGuid = {662EDAEA-E28A-4CD3-99C8-7FA0D8862E19}
	EndGlobalSection
EndGlobal
